
Microsoft Visual Studio Solution File, Format Version 12.00
# Visual Studio Version 16
VisualStudioVersion = 16.0.28922.388
MinimumVisualStudioVersion = 10.0.40219.1
Project("{FAE04EC0-301F-11D3-BF4B-00C04F79EFBC}") = "HelloWorldInt", "HelloWorldInt\HelloWorldInt.csproj", "{483A05D2-065D-4090-89D6-3F4FF7EB5083}"
EndProject
Global
	GlobalSection(SolutionConfigurationPlatforms) = preSolution
		Debug|Any CPU = Debug|Any CPU
		Release|Any CPU = Release|Any CPU
	EndGlobalSection
	GlobalSection(ProjectConfigurationPlatforms) = postSolution
		{483A05D2-065D-4090-89D6-3F4FF7EB5083}.Debug|Any CPU.ActiveCfg = Debug|Any CPU
		{483A05D2-065D-4090-89D6-3F4FF7EB5083}.Debug|Any CPU.Build.0 = Debug|Any CPU
		{483A05D2-065D-4090-89D6-3F4FF7EB5083}.Release|Any CPU.ActiveCfg = Release|Any CPU
		{483A05D2-065D-4090-89D6-3F4FF7EB5083}.Release|Any CPU.Build.0 = Release|Any CPU
	EndGlobalSection
	GlobalSection(SolutionProperties) = preSolution
		HideSolutionNode = FALSE
	EndGlobalSection
	GlobalSection(ExtensibilityGlobals) = postSolution
		SolutionGuid = {D75D9B3D-5630-48CE-B96E-F8623198D9AD}
	EndGlobalSection
EndGlobal
